// !$*UTF8*$!
{
	archiveVersion = 1;
	classes = {
	};
	objectVersion = 55;
	objects = {

/* Begin PBXBuildFile section */
		9F3965A528201E8400AE944F /* AppDelegate.swift in Sources */ = {isa = PBXBuildFile; fileRef = 9F3965A428201E8400AE944F /* AppDelegate.swift */; };
		9F3965AE28201E8F00AE944F /* Assets.xcassets in Resources */ = {isa = PBXBuildFile; fileRef = 9F3965AD28201E8F00AE944F /* Assets.xcassets */; };
		9F3965B128201E8F00AE944F /* LaunchScreen.storyboard in Resources */ = {isa = PBXBuildFile; fileRef = 9F3965AF28201E8F00AE944F /* LaunchScreen.storyboard */; };
		9F3965BC28201E8F00AE944F /* CreditCardsTests.swift in Sources */ = {isa = PBXBuildFile; fileRef = 9F3965BB28201E8F00AE944F /* CreditCardsTests.swift */; };
		9F3965C628201E8F00AE944F /* CreditCardsUITests.swift in Sources */ = {isa = PBXBuildFile; fileRef = 9F3965C528201E8F00AE944F /* CreditCardsUITests.swift */; };
		9F3965C828201E8F00AE944F /* CreditCardsUITestsLaunchTests.swift in Sources */ = {isa = PBXBuildFile; fileRef = 9F3965C728201E8F00AE944F /* CreditCardsUITestsLaunchTests.swift */; };
		9F3965D728201F6C00AE944F /* CreditCardsViewController.swift in Sources */ = {isa = PBXBuildFile; fileRef = 9F3965D628201F6C00AE944F /* CreditCardsViewController.swift */; };
		9F3965DB2820262F00AE944F /* CardCell.swift in Sources */ = {isa = PBXBuildFile; fileRef = 9F3965D92820262F00AE944F /* CardCell.swift */; };
		9F3965DC2820262F00AE944F /* CardCell.xib in Resources */ = {isa = PBXBuildFile; fileRef = 9F3965DA2820262F00AE944F /* CardCell.xib */; };
		9F3965DE282027C900AE944F /* CreditCard.swift in Sources */ = {isa = PBXBuildFile; fileRef = 9F3965DD282027C900AE944F /* CreditCard.swift */; };
		9FB91D30282BF54E000300A8 /* DetailsViewController.swift in Sources */ = {isa = PBXBuildFile; fileRef = 9FB91D2E282BF54E000300A8 /* DetailsViewController.swift */; };
		9FB91D31282BF54E000300A8 /* DetailsViewController.xib in Resources */ = {isa = PBXBuildFile; fileRef = 9FB91D2F282BF54E000300A8 /* DetailsViewController.xib */; };
		9FB91D34282BF63B000300A8 /* NewCardViewController.swift in Sources */ = {isa = PBXBuildFile; fileRef = 9FB91D32282BF63B000300A8 /* NewCardViewController.swift */; };
		9FB91D35282BF63B000300A8 /* NewCardViewController.xib in Resources */ = {isa = PBXBuildFile; fileRef = 9FB91D33282BF63B000300A8 /* NewCardViewController.xib */; };
/* End PBXBuildFile section */

/* Begin PBXContainerItemProxy section */
		9F3965B828201E8F00AE944F /* PBXContainerItemProxy */ = {
			isa = PBXContainerItemProxy;
			containerPortal = 9F39659928201E8400AE944F /* Project object */;
			proxyType = 1;
			remoteGlobalIDString = 9F3965A028201E8400AE944F;
			remoteInfo = CreditCards;
		};
		9F3965C228201E8F00AE944F /* PBXContainerItemProxy */ = {
			isa = PBXContainerItemProxy;
			containerPortal = 9F39659928201E8400AE944F /* Project object */;
			proxyType = 1;
			remoteGlobalIDString = 9F3965A028201E8400AE944F;
			remoteInfo = CreditCards;
		};
/* End PBXContainerItemProxy section */

/* Begin PBXFileReference section */
		9F3965A128201E8400AE944F /* CreditCards.app */ = {isa = PBXFileReference; explicitFileType = wrapper.application; includeInIndex = 0; path = CreditCards.app; sourceTree = BUILT_PRODUCTS_DIR; };
		9F3965A428201E8400AE944F /* AppDelegate.swift */ = {isa = PBXFileReference; lastKnownFileType = sourcecode.swift; path = AppDelegate.swift; sourceTree = "<group>"; };
		9F3965AD28201E8F00AE944F /* Assets.xcassets */ = {isa = PBXFileReference; lastKnownFileType = folder.assetcatalog; path = Assets.xcassets; sourceTree = "<group>"; };
		9F3965B028201E8F00AE944F /* Base */ = {isa = PBXFileReference; lastKnownFileType = file.storyboard; name = Base; path = Base.lproj/LaunchScreen.storyboard; sourceTree = "<group>"; };
		9F3965B228201E8F00AE944F /* Info.plist */ = {isa = PBXFileReference; lastKnownFileType = text.plist.xml; path = Info.plist; sourceTree = "<group>"; };
		9F3965B728201E8F00AE944F /* CreditCardsTests.xctest */ = {isa = PBXFileReference; explicitFileType = wrapper.cfbundle; includeInIndex = 0; path = CreditCardsTests.xctest; sourceTree = BUILT_PRODUCTS_DIR; };
		9F3965BB28201E8F00AE944F /* CreditCardsTests.swift */ = {isa = PBXFileReference; lastKnownFileType = sourcecode.swift; path = CreditCardsTests.swift; sourceTree = "<group>"; };
		9F3965C128201E8F00AE944F /* CreditCardsUITests.xctest */ = {isa = PBXFileReference; explicitFileType = wrapper.cfbundle; includeInIndex = 0; path = CreditCardsUITests.xctest; sourceTree = BUILT_PRODUCTS_DIR; };
		9F3965C528201E8F00AE944F /* CreditCardsUITests.swift */ = {isa = PBXFileReference; lastKnownFileType = sourcecode.swift; path = CreditCardsUITests.swift; sourceTree = "<group>"; };
		9F3965C728201E8F00AE944F /* CreditCardsUITestsLaunchTests.swift */ = {isa = PBXFileReference; lastKnownFileType = sourcecode.swift; path = CreditCardsUITestsLaunchTests.swift; sourceTree = "<group>"; };
		9F3965D628201F6C00AE944F /* CreditCardsViewController.swift */ = {isa = PBXFileReference; lastKnownFileType = sourcecode.swift; path = CreditCardsViewController.swift; sourceTree = "<group>"; };
		9F3965D92820262F00AE944F /* CardCell.swift */ = {isa = PBXFileReference; lastKnownFileType = sourcecode.swift; path = CardCell.swift; sourceTree = "<group>"; };
		9F3965DA2820262F00AE944F /* CardCell.xib */ = {isa = PBXFileReference; lastKnownFileType = file.xib; path = CardCell.xib; sourceTree = "<group>"; };
		9F3965DD282027C900AE944F /* CreditCard.swift */ = {isa = PBXFileReference; lastKnownFileType = sourcecode.swift; path = CreditCard.swift; sourceTree = "<group>"; };
		9FB91D2E282BF54E000300A8 /* DetailsViewController.swift */ = {isa = PBXFileReference; lastKnownFileType = sourcecode.swift; path = DetailsViewController.swift; sourceTree = "<group>"; };
		9FB91D2F282BF54E000300A8 /* DetailsViewController.xib */ = {isa = PBXFileReference; lastKnownFileType = file.xib; path = DetailsViewController.xib; sourceTree = "<group>"; };
		9FB91D32282BF63B000300A8 /* NewCardViewController.swift */ = {isa = PBXFileReference; lastKnownFileType = sourcecode.swift; path = NewCardViewController.swift; sourceTree = "<group>"; };
		9FB91D33282BF63B000300A8 /* NewCardViewController.xib */ = {isa = PBXFileReference; lastKnownFileType = file.xib; path = NewCardViewController.xib; sourceTree = "<group>"; };
/* End PBXFileReference section */

/* Begin PBXFrameworksBuildPhase section */
		9F39659E28201E8400AE944F /* Frameworks */ = {
			isa = PBXFrameworksBuildPhase;
			buildActionMask = 2147483647;
			files = (
			);
			runOnlyForDeploymentPostprocessing = 0;
		};
		9F3965B428201E8F00AE944F /* Frameworks */ = {
			isa = PBXFrameworksBuildPhase;
			buildActionMask = 2147483647;
			files = (
			);
			runOnlyForDeploymentPostprocessing = 0;
		};
		9F3965BE28201E8F00AE944F /* Frameworks */ = {
			isa = PBXFrameworksBuildPhase;
			buildActionMask = 2147483647;
			files = (
			);
			runOnlyForDeploymentPostprocessing = 0;
		};
/* End PBXFrameworksBuildPhase section */

/* Begin PBXGroup section */
		9F39659828201E8400AE944F = {
			isa = PBXGroup;
			children = (
				9F3965A328201E8400AE944F /* CreditCards */,
				9F3965BA28201E8F00AE944F /* CreditCardsTests */,
				9F3965C428201E8F00AE944F /* CreditCardsUITests */,
				9F3965A228201E8400AE944F /* Products */,
			);
			sourceTree = "<group>";
		};
		9F3965A228201E8400AE944F /* Products */ = {
			isa = PBXGroup;
			children = (
				9F3965A128201E8400AE944F /* CreditCards.app */,
				9F3965B728201E8F00AE944F /* CreditCardsTests.xctest */,
				9F3965C128201E8F00AE944F /* CreditCardsUITests.xctest */,
			);
			name = Products;
			sourceTree = "<group>";
		};
		9F3965A328201E8400AE944F /* CreditCards */ = {
			isa = PBXGroup;
			children = (
				9F3965D528201ED000AE944F /* Views */,
				9F3965D428201EC400AE944F /* Data */,
				9F3965A428201E8400AE944F /* AppDelegate.swift */,
				9F3965AD28201E8F00AE944F /* Assets.xcassets */,
				9F3965AF28201E8F00AE944F /* LaunchScreen.storyboard */,
				9F3965B228201E8F00AE944F /* Info.plist */,
			);
			path = CreditCards;
			sourceTree = "<group>";
		};
		9F3965BA28201E8F00AE944F /* CreditCardsTests */ = {
			isa = PBXGroup;
			children = (
				9F3965BB28201E8F00AE944F /* CreditCardsTests.swift */,
			);
			path = CreditCardsTests;
			sourceTree = "<group>";
		};
		9F3965C428201E8F00AE944F /* CreditCardsUITests */ = {
			isa = PBXGroup;
			children = (
				9F3965C528201E8F00AE944F /* CreditCardsUITests.swift */,
				9F3965C728201E8F00AE944F /* CreditCardsUITestsLaunchTests.swift */,
			);
			path = CreditCardsUITests;
			sourceTree = "<group>";
		};
		9F3965D428201EC400AE944F /* Data */ = {
			isa = PBXGroup;
			children = (
				9F3965DD282027C900AE944F /* CreditCard.swift */,
			);
			path = Data;
			sourceTree = "<group>";
		};
		9F3965D528201ED000AE944F /* Views */ = {
			isa = PBXGroup;
			children = (
				9F3965D628201F6C00AE944F /* CreditCardsViewController.swift */,
				9FB91D32282BF63B000300A8 /* NewCardViewController.swift */,
				9FB91D33282BF63B000300A8 /* NewCardViewController.xib */,
				9FB91D2E282BF54E000300A8 /* DetailsViewController.swift */,
				9FB91D2F282BF54E000300A8 /* DetailsViewController.xib */,
				9F3965D82820260400AE944F /* Cell */,
			);
			path = Views;
			sourceTree = "<group>";
		};
		9F3965D82820260400AE944F /* Cell */ = {
			isa = PBXGroup;
			children = (
				9F3965D92820262F00AE944F /* CardCell.swift */,
				9F3965DA2820262F00AE944F /* CardCell.xib */,
			);
			path = Cell;
			sourceTree = "<group>";
		};
/* End PBXGroup section */

/* Begin PBXNativeTarget section */
		9F3965A028201E8400AE944F /* CreditCards */ = {
			isa = PBXNativeTarget;
			buildConfigurationList = 9F3965CB28201E8F00AE944F /* Build configuration list for PBXNativeTarget "CreditCards" */;
			buildPhases = (
				9F39659D28201E8400AE944F /* Sources */,
				9F39659E28201E8400AE944F /* Frameworks */,
				9F39659F28201E8400AE944F /* Resources */,
			);
			buildRules = (
			);
			dependencies = (
			);
			name = CreditCards;
			productName = CreditCards;
			productReference = 9F3965A128201E8400AE944F /* CreditCards.app */;
			productType = "com.apple.product-type.application";
		};
		9F3965B628201E8F00AE944F /* CreditCardsTests */ = {
			isa = PBXNativeTarget;
			buildConfigurationList = 9F3965CE28201E8F00AE944F /* Build configuration list for PBXNativeTarget "CreditCardsTests" */;
			buildPhases = (
				9F3965B328201E8F00AE944F /* Sources */,
				9F3965B428201E8F00AE944F /* Frameworks */,
				9F3965B528201E8F00AE944F /* Resources */,
			);
			buildRules = (
			);
			dependencies = (
				9F3965B928201E8F00AE944F /* PBXTargetDependency */,
			);
			name = CreditCardsTests;
			productName = CreditCardsTests;
			productReference = 9F3965B728201E8F00AE944F /* CreditCardsTests.xctest */;
			productType = "com.apple.product-type.bundle.unit-test";
		};
		9F3965C028201E8F00AE944F /* CreditCardsUITests */ = {
			isa = PBXNativeTarget;
			buildConfigurationList = 9F3965D128201E8F00AE944F /* Build configuration list for PBXNativeTarget "CreditCardsUITests" */;
			buildPhases = (
				9F3965BD28201E8F00AE944F /* Sources */,
				9F3965BE28201E8F00AE944F /* Frameworks */,
				9F3965BF28201E8F00AE944F /* Resources */,
			);
			buildRules = (
			);
			dependencies = (
				9F3965C328201E8F00AE944F /* PBXTargetDependency */,
			);
			name = CreditCardsUITests;
			productName = CreditCardsUITests;
			productReference = 9F3965C128201E8F00AE944F /* CreditCardsUITests.xctest */;
			productType = "com.apple.product-type.bundle.ui-testing";
		};
/* End PBXNativeTarget section */

/* Begin PBXProject section */
		9F39659928201E8400AE944F /* Project object */ = {
			isa = PBXProject;
			attributes = {
				BuildIndependentTargetsInParallel = 1;
				LastSwiftUpdateCheck = 1330;
				LastUpgradeCheck = 1330;
				TargetAttributes = {
					9F3965A028201E8400AE944F = {
						CreatedOnToolsVersion = 13.3.1;
					};
					9F3965B628201E8F00AE944F = {
						CreatedOnToolsVersion = 13.3.1;
						TestTargetID = 9F3965A028201E8400AE944F;
					};
					9F3965C028201E8F00AE944F = {
						CreatedOnToolsVersion = 13.3.1;
						TestTargetID = 9F3965A028201E8400AE944F;
					};
				};
			};
			buildConfigurationList = 9F39659C28201E8400AE944F /* Build configuration list for PBXProject "CreditCards" */;
			compatibilityVersion = "Xcode 13.0";
			developmentRegion = en;
			hasScannedForEncodings = 0;
			knownRegions = (
				en,
				Base,
			);
			mainGroup = 9F39659828201E8400AE944F;
			productRefGroup = 9F3965A228201E8400AE944F /* Products */;
			projectDirPath = "";
			projectRoot = "";
			targets = (
				9F3965A028201E8400AE944F /* CreditCards */,
				9F3965B628201E8F00AE944F /* CreditCardsTests */,
				9F3965C028201E8F00AE944F /* CreditCardsUITests */,
			);
		};
/* End PBXProject section */

/* Begin PBXResourcesBuildPhase section */
		9F39659F28201E8400AE944F /* Resources */ = {
			isa = PBXResourcesBuildPhase;
			buildActionMask = 2147483647;
			files = (
				9F3965B128201E8F00AE944F /* LaunchScreen.storyboard in Resources */,
				9F3965DC2820262F00AE944F /* CardCell.xib in Resources */,
				9F3965AE28201E8F00AE944F /* Assets.xcassets in Resources */,
				9FB91D35282BF63B000300A8 /* NewCardViewController.xib in Resources */,
				9FB91D31282BF54E000300A8 /* DetailsViewController.xib in Resources */,
			);
			runOnlyForDeploymentPostprocessing = 0;
		};
		9F3965B528201E8F00AE944F /* Resources */ = {
			isa = PBXResourcesBuildPhase;
			buildActionMask = 2147483647;
			files = (
			);
			runOnlyForDeploymentPostprocessing = 0;
		};
		9F3965BF28201E8F00AE944F /* Resources */ = {
			isa = PBXResourcesBuildPhase;
			buildActionMask = 2147483647;
			files = (
			);
			runOnlyForDeploymentPostprocessing = 0;
		};
/* End PBXResourcesBuildPhase section */

/* Begin PBXSourcesBuildPhase section */
		9F39659D28201E8400AE944F /* Sources */ = {
			isa = PBXSourcesBuildPhase;
			buildActionMask = 2147483647;
			files = (
				9F3965DE282027C900AE944F /* CreditCard.swift in Sources */,
				9F3965A528201E8400AE944F /* AppDelegate.swift in Sources */,
				9F3965D728201F6C00AE944F /* CreditCardsViewController.swift in Sources */,
				9F3965DB2820262F00AE944F /* CardCell.swift in Sources */,
				9FB91D30282BF54E000300A8 /* DetailsViewController.swift in Sources */,
				9FB91D34282BF63B000300A8 /* NewCardViewController.swift in Sources */,
			);
			runOnlyForDeploymentPostprocessing = 0;
		};
		9F3965B328201E8F00AE944F /* Sources */ = {
			isa = PBXSourcesBuildPhase;
			buildActionMask = 2147483647;
			files = (
				9F3965BC28201E8F00AE944F /* CreditCardsTests.swift in Sources */,
			);
			runOnlyForDeploymentPostprocessing = 0;
		};
		9F3965BD28201E8F00AE944F /* Sources */ = {
			isa = PBXSourcesBuildPhase;
			buildActionMask = 2147483647;
			files = (
				9F3965C628201E8F00AE944F /* CreditCardsUITests.swift in Sources */,
				9F3965C828201E8F00AE944F /* CreditCardsUITestsLaunchTests.swift in Sources */,
			);
			runOnlyForDeploymentPostprocessing = 0;
		};
/* End PBXSourcesBuildPhase section */

/* Begin PBXTargetDependency section */
		9F3965B928201E8F00AE944F /* PBXTargetDependency */ = {
			isa = PBXTargetDependency;
			target = 9F3965A028201E8400AE944F /* CreditCards */;
			targetProxy = 9F3965B828201E8F00AE944F /* PBXContainerItemProxy */;
		};
		9F3965C328201E8F00AE944F /* PBXTargetDependency */ = {
			isa = PBXTargetDependency;
			target = 9F3965A028201E8400AE944F /* CreditCards */;
			targetProxy = 9F3965C228201E8F00AE944F /* PBXContainerItemProxy */;
		};
/* End PBXTargetDependency section */

/* Begin PBXVariantGroup section */
		9F3965AF28201E8F00AE944F /* LaunchScreen.storyboard */ = {
			isa = PBXVariantGroup;
			children = (
				9F3965B028201E8F00AE944F /* Base */,
			);
			name = LaunchScreen.storyboard;
			sourceTree = "<group>";
		};
/* End PBXVariantGroup section */

/* Begin XCBuildConfiguration section */
		9F3965C928201E8F00AE944F /* Debug */ = {
			isa = XCBuildConfiguration;
			buildSettings = {
				ALWAYS_SEARCH_USER_PATHS = NO;
				CLANG_ANALYZER_NONNULL = YES;
				CLANG_ANALYZER_NUMBER_OBJECT_CONVERSION = YES_AGGRESSIVE;
				CLANG_CXX_LANGUAGE_STANDARD = "gnu++17";
				CLANG_ENABLE_MODULES = YES;
				CLANG_ENABLE_OBJC_ARC = YES;
				CLANG_ENABLE_OBJC_WEAK = YES;
				CLANG_WARN_BLOCK_CAPTURE_AUTORELEASING = YES;
				CLANG_WARN_BOOL_CONVERSION = YES;
				CLANG_WARN_COMMA = YES;
				CLANG_WARN_CONSTANT_CONVERSION = YES;
				CLANG_WARN_DEPRECATED_OBJC_IMPLEMENTATIONS = YES;
				CLANG_WARN_DIRECT_OBJC_ISA_USAGE = YES_ERROR;
				CLANG_WARN_DOCUMENTATION_COMMENTS = YES;
				CLANG_WARN_EMPTY_BODY = YES;
				CLANG_WARN_ENUM_CONVERSION = YES;
				CLANG_WARN_INFINITE_RECURSION = YES;
				CLANG_WARN_INT_CONVERSION = YES;
				CLANG_WARN_NON_LITERAL_NULL_CONVERSION = YES;
				CLANG_WARN_OBJC_IMPLICIT_RETAIN_SELF = YES;
				CLANG_WARN_OBJC_LITERAL_CONVERSION = YES;
				CLANG_WARN_OBJC_ROOT_CLASS = YES_ERROR;
				CLANG_WARN_QUOTED_INCLUDE_IN_FRAMEWORK_HEADER = YES;
				CLANG_WARN_RANGE_LOOP_ANALYSIS = YES;
				CLANG_WARN_STRICT_PROTOTYPES = YES;
				CLANG_WARN_SUSPICIOUS_MOVE = YES;
				CLANG_WARN_UNGUARDED_AVAILABILITY = YES_AGGRESSIVE;
				CLANG_WARN_UNREACHABLE_CODE = YES;
				CLANG_WARN__DUPLICATE_METHOD_MATCH = YES;
				COPY_PHASE_STRIP = NO;
				DEBUG_INFORMATION_FORMAT = dwarf;
				ENABLE_STRICT_OBJC_MSGSEND = YES;
				ENABLE_TESTABILITY = YES;
				GCC_C_LANGUAGE_STANDARD = gnu11;
				GCC_DYNAMIC_NO_PIC = NO;
				GCC_NO_COMMON_BLOCKS = YES;
				GCC_OPTIMIZATION_LEVEL = 0;
				GCC_PREPROCESSOR_DEFINITIONS = (
					"DEBUG=1",
					"$(inherited)",
				);
				GCC_WARN_64_TO_32_BIT_CONVERSION = YES;
				GCC_WARN_ABOUT_RETURN_TYPE = YES_ERROR;
				GCC_WARN_UNDECLARED_SELECTOR = YES;
				GCC_WARN_UNINITIALIZED_AUTOS = YES_AGGRESSIVE;
				GCC_WARN_UNUSED_FUNCTION = YES;
				GCC_WARN_UNUSED_VARIABLE = YES;
				IPHONEOS_DEPLOYMENT_TARGET = 15.4;
				MTL_ENABLE_DEBUG_INFO = INCLUDE_SOURCE;
				MTL_FAST_MATH = YES;
				ONLY_ACTIVE_ARCH = YES;
				SDKROOT = iphoneos;
				SWIFT_ACTIVE_COMPILATION_CONDITIONS = DEBUG;
				SWIFT_OPTIMIZATION_LEVEL = "-Onone";
			};
			name = Debug;
		};
		9F3965CA28201E8F00AE944F /* Release */ = {
			isa = XCBuildConfiguration;
			buildSettings = {
				ALWAYS_SEARCH_USER_PATHS = NO;
				CLANG_ANALYZER_NONNULL = YES;
				CLANG_ANALYZER_NUMBER_OBJECT_CONVERSION = YES_AGGRESSIVE;
				CLANG_CXX_LANGUAGE_STANDARD = "gnu++17";
				CLANG_ENABLE_MODULES = YES;
				CLANG_ENABLE_OBJC_ARC = YES;
				CLANG_ENABLE_OBJC_WEAK = YES;
				CLANG_WARN_BLOCK_CAPTURE_AUTORELEASING = YES;
				CLANG_WARN_BOOL_CONVERSION = YES;
				CLANG_WARN_COMMA = YES;
				CLANG_WARN_CONSTANT_CONVERSION = YES;
				CLANG_WARN_DEPRECATED_OBJC_IMPLEMENTATIONS = YES;
				CLANG_WARN_DIRECT_OBJC_ISA_USAGE = YES_ERROR;
				CLANG_WARN_DOCUMENTATION_COMMENTS = YES;
				CLANG_WARN_EMPTY_BODY = YES;
				CLANG_WARN_ENUM_CONVERSION = YES;
				CLANG_WARN_INFINITE_RECURSION = YES;
				CLANG_WARN_INT_CONVERSION = YES;
				CLANG_WARN_NON_LITERAL_NULL_CONVERSION = YES;
				CLANG_WARN_OBJC_IMPLICIT_RETAIN_SELF = YES;
				CLANG_WARN_OBJC_LITERAL_CONVERSION = YES;
				CLANG_WARN_OBJC_ROOT_CLASS = YES_ERROR;
				CLANG_WARN_QUOTED_INCLUDE_IN_FRAMEWORK_HEADER = YES;
				CLANG_WARN_RANGE_LOOP_ANALYSIS = YES;
				CLANG_WARN_STRICT_PROTOTYPES = YES;
				CLANG_WARN_SUSPICIOUS_MOVE = YES;
				CLANG_WARN_UNGUARDED_AVAILABILITY = YES_AGGRESSIVE;
				CLANG_WARN_UNREACHABLE_CODE = YES;
				CLANG_WARN__DUPLICATE_METHOD_MATCH = YES;
				COPY_PHASE_STRIP = NO;
				DEBUG_INFORMATION_FORMAT = "dwarf-with-dsym";
				ENABLE_NS_ASSERTIONS = NO;
				ENABLE_STRICT_OBJC_MSGSEND = YES;
				GCC_C_LANGUAGE_STANDARD = gnu11;
				GCC_NO_COMMON_BLOCKS = YES;
				GCC_WARN_64_TO_32_BIT_CONVERSION = YES;
				GCC_WARN_ABOUT_RETURN_TYPE = YES_ERROR;
				GCC_WARN_UNDECLARED_SELECTOR = YES;
				GCC_WARN_UNINITIALIZED_AUTOS = YES_AGGRESSIVE;
				GCC_WARN_UNUSED_FUNCTION = YES;
				GCC_WARN_UNUSED_VARIABLE = YES;
				IPHONEOS_DEPLOYMENT_TARGET = 15.4;
				MTL_ENABLE_DEBUG_INFO = NO;
				MTL_FAST_MATH = YES;
				SDKROOT = iphoneos;
				SWIFT_COMPILATION_MODE = wholemodule;
				SWIFT_OPTIMIZATION_LEVEL = "-O";
				VALIDATE_PRODUCT = YES;
			};
			name = Release;
		};
		9F3965CC28201E8F00AE944F /* Debug */ = {
			isa = XCBuildConfiguration;
			buildSettings = {
				ASSETCATALOG_COMPILER_APPICON_NAME = AppIcon;
				ASSETCATALOG_COMPILER_GLOBAL_ACCENT_COLOR_NAME = AccentColor;
				CODE_SIGN_STYLE = Automatic;
				CURRENT_PROJECT_VERSION = 1;
				DEVELOPMENT_TEAM = ZR7942V3MJ;
				GENERATE_INFOPLIST_FILE = YES;
				INFOPLIST_FILE = CreditCards/Info.plist;
				INFOPLIST_KEY_UIApplicationSupportsIndirectInputEvents = YES;
				INFOPLIST_KEY_UILaunchStoryboardName = LaunchScreen;
				INFOPLIST_KEY_UISupportedInterfaceOrientations_iPad = "UIInterfaceOrientationPortrait UIInterfaceOrientationPortraitUpsideDown UIInterfaceOrientationLandscapeLeft UIInterfaceOrientationLandscapeRight";
				INFOPLIST_KEY_UISupportedInterfaceOrientations_iPhone = "UIInterfaceOrientationPortrait UIInterfaceOrientationLandscapeLeft UIInterfaceOrientationLandscapeRight";
				IPHONEOS_DEPLOYMENT_TARGET = 11.0;
				LD_RUNPATH_SEARCH_PATHS = (
					"$(inherited)",
					"@executable_path/Frameworks",
				);
				MARKETING_VERSION = 1.0;
				PRODUCT_BUNDLE_IDENTIFIER = br.com.brojato.Animals;
				PRODUCT_NAME = "$(TARGET_NAME)";
				SWIFT_EMIT_LOC_STRINGS = YES;
				SWIFT_VERSION = 5.0;
				TARGETED_DEVICE_FAMILY = "1,2";
			};
			name = Debug;
		};
		9F3965CD28201E8F00AE944F /* Release */ = {
			isa = XCBuildConfiguration;
			buildSettings = {
				ASSETCATALOG_COMPILER_APPICON_NAME = AppIcon;
				ASSETCATALOG_COMPILER_GLOBAL_ACCENT_COLOR_NAME = AccentColor;
				CODE_SIGN_STYLE = Automatic;
				CURRENT_PROJECT_VERSION = 1;
				DEVELOPMENT_TEAM = ZR7942V3MJ;
				GENERATE_INFOPLIST_FILE = YES;
				INFOPLIST_FILE = CreditCards/Info.plist;
				INFOPLIST_KEY_UIApplicationSupportsIndirectInputEvents = YES;
				INFOPLIST_KEY_UILaunchStoryboardName = LaunchScreen;
				INFOPLIST_KEY_UISupportedInterfaceOrientations_iPad = "UIInterfaceOrientationPortrait UIInterfaceOrientationPortraitUpsideDown UIInterfaceOrientationLandscapeLeft UIInterfaceOrientationLandscapeRight";
				INFOPLIST_KEY_UISupportedInterfaceOrientations_iPhone = "UIInterfaceOrientationPortrait UIInterfaceOrientationLandscapeLeft UIInterfaceOrientationLandscapeRight";
				IPHONEOS_DEPLOYMENT_TARGET = 11.0;
				LD_RUNPATH_SEARCH_PATHS = (
					"$(inherited)",
					"@executable_path/Frameworks",
				);
				MARKETING_VERSION = 1.0;
				PRODUCT_BUNDLE_IDENTIFIER = br.com.brojato.Animals;
				PRODUCT_NAME = "$(TARGET_NAME)";
				SWIFT_EMIT_LOC_STRINGS = YES;
				SWIFT_VERSION = 5.0;
				TARGETED_DEVICE_FAMILY = "1,2";
			};
			name = Release;
		};
		9F3965CF28201E8F00AE944F /* Debug */ = {
			isa = XCBuildConfiguration;
			buildSettings = {
				ALWAYS_EMBED_SWIFT_STANDARD_LIBRARIES = YES;
				BUNDLE_LOADER = "$(TEST_HOST)";
				CODE_SIGN_STYLE = Automatic;
				CURRENT_PROJECT_VERSION = 1;
				DEVELOPMENT_TEAM = ZR7942V3MJ;
				GENERATE_INFOPLIST_FILE = YES;
				IPHONEOS_DEPLOYMENT_TARGET = 15.4;
				MARKETING_VERSION = 1.0;
				PRODUCT_BUNDLE_IDENTIFIER = br.com.brojato.CreditCardsTests;
				PRODUCT_NAME = "$(TARGET_NAME)";
				SWIFT_EMIT_LOC_STRINGS = NO;
				SWIFT_VERSION = 5.0;
				TARGETED_DEVICE_FAMILY = "1,2";
				TEST_HOST = "$(BUILT_PRODUCTS_DIR)/CreditCards.app/CreditCards";
			};
			name = Debug;
		};
		9F3965D028201E8F00AE944F /* Release */ = {
			isa = XCBuildConfiguration;
			buildSettings = {
				ALWAYS_EMBED_SWIFT_STANDARD_LIBRARIES = YES;
				BUNDLE_LOADER = "$(TEST_HOST)";
				CODE_SIGN_STYLE = Automatic;
				CURRENT_PROJECT_VERSION = 1;
				DEVELOPMENT_TEAM = ZR7942V3MJ;
				GENERATE_INFOPLIST_FILE = YES;
				IPHONEOS_DEPLOYMENT_TARGET = 15.4;
				MARKETING_VERSION = 1.0;
				PRODUCT_BUNDLE_IDENTIFIER = br.com.brojato.CreditCardsTests;
				PRODUCT_NAME = "$(TARGET_NAME)";
				SWIFT_EMIT_LOC_STRINGS = NO;
				SWIFT_VERSION = 5.0;
				TARGETED_DEVICE_FAMILY = "1,2";
				TEST_HOST = "$(BUILT_PRODUCTS_DIR)/CreditCards.app/CreditCards";
			};
			name = Release;
		};
		9F3965D228201E8F00AE944F /* Debug */ = {
			isa = XCBuildConfiguration;
			buildSettings = {
				ALWAYS_EMBED_SWIFT_STANDARD_LIBRARIES = YES;
				CODE_SIGN_STYLE = Automatic;
				CURRENT_PROJECT_VERSION = 1;
				DEVELOPMENT_TEAM = ZR7942V3MJ;
				GENERATE_INFOPLIST_FILE = YES;
				MARKETING_VERSION = 1.0;
				PRODUCT_BUNDLE_IDENTIFIER = br.com.brojato.CreditCardsUITests;
				PRODUCT_NAME = "$(TARGET_NAME)";
				SWIFT_EMIT_LOC_STRINGS = NO;
				SWIFT_VERSION = 5.0;
				TARGETED_DEVICE_FAMILY = "1,2";
				TEST_TARGET_NAME = CreditCards;
			};
			name = Debug;
		};
		9F3965D328201E8F00AE944F /* Release */ = {
			isa = XCBuildConfiguration;
			buildSettings = {
				ALWAYS_EMBED_SWIFT_STANDARD_LIBRARIES = YES;
				CODE_SIGN_STYLE = Automatic;
				CURRENT_PROJECT_VERSION = 1;
				DEVELOPMENT_TEAM = ZR7942V3MJ;
				GENERATE_INFOPLIST_FILE = YES;
				MARKETING_VERSION = 1.0;
				PRODUCT_BUNDLE_IDENTIFIER = br.com.brojato.CreditCardsUITests;
				PRODUCT_NAME = "$(TARGET_NAME)";
				SWIFT_EMIT_LOC_STRINGS = NO;
				SWIFT_VERSION = 5.0;
				TARGETED_DEVICE_FAMILY = "1,2";
				TEST_TARGET_NAME = CreditCards;
			};
			name = Release;
		};
/* End XCBuildConfiguration section */

/* Begin XCConfigurationList section */
		9F39659C28201E8400AE944F /* Build configuration list for PBXProject "CreditCards" */ = {
			isa = XCConfigurationList;
			buildConfigurations = (
				9F3965C928201E8F00AE944F /* Debug */,
				9F3965CA28201E8F00AE944F /* Release */,
			);
			defaultConfigurationIsVisible = 0;
			defaultConfigurationName = Release;
		};
		9F3965CB28201E8F00AE944F /* Build configuration list for PBXNativeTarget "CreditCards" */ = {
			isa = XCConfigurationList;
			buildConfigurations = (
				9F3965CC28201E8F00AE944F /* Debug */,
				9F3965CD28201E8F00AE944F /* Release */,
			);
			defaultConfigurationIsVisible = 0;
			defaultConfigurationName = Release;
		};
		9F3965CE28201E8F00AE944F /* Build configuration list for PBXNativeTarget "CreditCardsTests" */ = {
			isa = XCConfigurationList;
			buildConfigurations = (
				9F3965CF28201E8F00AE944F /* Debug */,
				9F3965D028201E8F00AE944F /* Release */,
			);
			defaultConfigurationIsVisible = 0;
			defaultConfigurationName = Release;
		};
		9F3965D128201E8F00AE944F /* Build configuration list for PBXNativeTarget "CreditCardsUITests" */ = {
			isa = XCConfigurationList;
			buildConfigurations = (
				9F3965D228201E8F00AE944F /* Debug */,
				9F3965D328201E8F00AE944F /* Release */,
			);
			defaultConfigurationIsVisible = 0;
			defaultConfigurationName = Release;
		};
/* End XCConfigurationList section */
	};
	rootObject = 9F39659928201E8400AE944F /* Project object */;
}
